lockfileVersion: '9.0'

settings:
  autoInstallPeers: true
  excludeLinksFromLockfile: false

importers:

  .:
    dependencies:
      '@polkadot/api-contract':
        specifier: ^16.5.4
        version: 16.5.4
      recharts:
        specifier: ^3.1.2
        version: 3.1.2(react-dom@19.1.1(react@19.1.1))(react-is@19.1.1)(react@19.1.1)(redux@5.0.1)
      typescript:
        specifier: ^5.9.3
        version: 5.9.3

packages:

  '@noble/curves@1.9.7':
    resolution: {integrity: sha512-gbKGcRUYIjA3/zCCNaWDciTMFI0dCkvou3TL8Zmy5Nc7sJ47a0jtOeZoTaMxkuqRo9cRhjOdZJXegxYE5FN/xw==}
    engines: {node: ^14.21.3 || >=16}

  '@noble/hashes@1.8.0':
    resolution: {integrity: sha512-jCs9ldd7NwzpgXDIf6P3+NrHh9/sD6CQdxHyjQI+h/6rDNo88ypBxxz45UDuZHz9r3tNz7N/VInSVoVdtXEI4A==}
    engines: {node: ^14.21.3 || >=16}

  '@polkadot-api/json-rpc-provider-proxy@0.1.0':
    resolution: {integrity: sha512-8GSFE5+EF73MCuLQm8tjrbCqlgclcHBSRaswvXziJ0ZW7iw3UEMsKkkKvELayWyBuOPa2T5i1nj6gFOeIsqvrg==}

  '@polkadot-api/json-rpc-provider@0.0.1':
    resolution: {integrity: sha512-/SMC/l7foRjpykLTUTacIH05H3mr9ip8b5xxfwXlVezXrNVLp3Cv0GX6uItkKd+ZjzVPf3PFrDF2B2/HLSNESA==}

  '@polkadot-api/metadata-builders@0.3.2':
    resolution: {integrity: sha512-TKpfoT6vTb+513KDzMBTfCb/ORdgRnsS3TDFpOhAhZ08ikvK+hjHMt5plPiAX/OWkm1Wc9I3+K6W0hX5Ab7MVg==}

  '@polkadot-api/observable-client@0.3.2':
    resolution: {integrity: sha512-HGgqWgEutVyOBXoGOPp4+IAq6CNdK/3MfQJmhCJb8YaJiaK4W6aRGrdQuQSTPHfERHCARt9BrOmEvTXAT257Ug==}
    peerDependencies:
      '@polkadot-api/substrate-client': 0.1.4
      rxjs: '>=7.8.0'

  '@polkadot-api/substrate-bindings@0.6.0':
    resolution: {integrity: sha512-lGuhE74NA1/PqdN7fKFdE5C1gNYX357j1tWzdlPXI0kQ7h3kN0zfxNOpPUN7dIrPcOFZ6C0tRRVrBylXkI6xPw==}

  '@polkadot-api/substrate-client@0.1.4':
    resolution: {integrity: sha512-MljrPobN0ZWTpn++da9vOvt+Ex+NlqTlr/XT7zi9sqPtDJiQcYl+d29hFAgpaeTqbeQKZwz3WDE9xcEfLE8c5A==}

  '@polkadot-api/utils@0.1.0':
    resolution: {integrity: sha512-MXzWZeuGxKizPx2Xf/47wx9sr/uxKw39bVJUptTJdsaQn/TGq+z310mHzf1RCGvC1diHM8f593KrnDgc9oNbJA==}

  '@polkadot/api-augment@16.5.4':
    resolution: {integrity: sha512-9FTohz13ih458V2JBFjRACKHPqfM6j4bmmTbcSaE7hXcIOYzm4ABFo7xq5osLyvItganjsICErL2vRn2zULycw==}
    engines: {node: '>=18'}

  '@polkadot/api-base@16.5.4':
    resolution: {integrity: sha512-V69v3ieg5+91yRUCG1vFRSLr7V7MvHPvo/QrzleIUu8tPXWldJ0kyXbWKHVNZEpVBA9LpjGvII+MHUW7EaKMNg==}
    engines: {node: '>=18'}

  '@polkadot/api-contract@16.5.4':
    resolution: {integrity: sha512-qJEtxMd3QFgIV93iKC8JSoXl/oSEF4FlwSWPtquVc06RYyVEIL5CQ14HlCeMlGTNLlgIikNtIXgpW127IezY9Q==}
    engines: {node: '>=18'}

  '@polkadot/api-derive@16.5.4':
    resolution: {integrity: sha512-0JP2a6CaqTviacHsmnUKF4VLRsKdYOzQCqdL9JpwY/QBz/ZLqIKKPiSRg285EVLf8n/hWdTfxbWqQCsRa5NL+Q==}
    engines: {node: '>=18'}

  '@polkadot/api@16.5.4':
    resolution: {integrity: sha512-mX1fwtXCBAHXEyZLSnSrMDGP+jfU2rr7GfDVQBz0cBY1nmY8N34RqPWGrZWj8o4DxVu1DQ91sGncOmlBwEl0Qg==}
    engines: {node: '>=18'}

  '@polkadot/keyring@14.0.1':
    resolution: {integrity: sha512-kHydQPCeTvJrMC9VQO8LPhAhTUxzxfNF1HEknhZDBPPsxP/XpkYsEy/Ln1QzJmQqD5VsgwzLDE6cExbJ2CT9CA==}
    engines: {node: '>=18'}
    peerDependencies:
      '@polkadot/util': 14.0.1
      '@polkadot/util-crypto': 14.0.1

  '@polkadot/networks@14.0.1':
    resolution: {integrity: sha512-wGlBtXDkusRAj4P7uxfPz80gLO1+j99MLBaQi3bEym2xrFrFhgIWVHOZlBit/1PfaBjhX2Z8XjRxaM2w1p7w2w==}
    engines: {node: '>=18'}

  '@polkadot/rpc-augment@16.5.4':
    resolution: {integrity: sha512-j9v3Ttqv/EYGezHtVksGJAFZhE/4F7LUWooOazh/53ATowMby3lZUdwInrK6bpYmG2whmYMw/Fo283fwDroBtQ==}
    engines: {node: '>=18'}

  '@polkadot/rpc-core@16.5.4':
    resolution: {integrity: sha512-92LOSTWujPjtmKOPvfCPs8rAaPFU+18wTtkIzwPwKxvxkN/SWsYSGIxmsoags9ramyHB6jp7Lr59TEuGMxIZzQ==}
    engines: {node: '>=18'}

  '@polkadot/rpc-provider@16.5.4':
    resolution: {integrity: sha512-mNAIBRA3jMvpnHsuqAX4InHSIqBdgxFD6ayVUFFAzOX8Fh6Xpd4RdI1dqr6a1pCzjnPSby4nbg+VuadWwauVtg==}
    engines: {node: '>=18'}

  '@polkadot/types-augment@16.5.4':
    resolution: {integrity: sha512-AGjXR+Q9O9UtVkGw/HuOXlbRqVpvG6H8nr+taXP71wuC6RD9gznFBFBqoNkfWHD2w89esNVQLTvXHVxlLpTXqA==}
    engines: {node: '>=18'}

  '@polkadot/types-codec@16.5.4':
    resolution: {integrity: sha512-OQtT1pmJu2F3/+Vh1OiXifKoeRy+CU1+Lu7dgTcdO705dnxU4447Zup5JVCJDnxBmMITts/38vbFN2pD225AnA==}
    engines: {node: '>=18'}

  '@polkadot/types-create@16.5.4':
    resolution: {integrity: sha512-URQnvr/sgvgIRSxIW3lmml6HMSTRRj2hTZIm6nhMTlYSVT4rLWx0ZbYUAjoPBbaJ+BmoqZ6Bbs+tA+5cQViv5Q==}
    engines: {node: '>=18'}

  '@polkadot/types-known@16.5.4':
    resolution: {integrity: sha512-Dd59y4e3AFCrH9xiqMU4xlG5+Zy0OTy7GQvqJVYXZFyAH+4HYDlxXjJGcSidGAmJcclSYfS3wyEkfw+j1EOVEw==}
    engines: {node: '>=18'}

  '@polkadot/types-support@16.5.4':
    resolution: {integrity: sha512-Ra6keCaO73ibxN6MzA56jFq9EReje7jjE4JQfzV5IpyDZdXcmPyJiEfa2Yps/YSP13Gc2e38t9FFyVau0V+SFQ==}
    engines: {node: '>=18'}

  '@polkadot/types@16.5.4':
    resolution: {integrity: sha512-8Oo1QWaL0DkIc/n2wKBIozPWug/0b2dPVhL+XrXHxJX7rIqS0x8sXDRbM9r166sI0nTqJiUho7pRIkt2PR/DMQ==}
    engines: {node: '>=18'}

  '@polkadot/util-crypto@14.0.1':
    resolution: {integrity: sha512-Cu7AKUzBTsUkbOtyuNzXcTpDjR9QW0fVR56o3gBmzfUCmvO1vlsuGzmmPzqpHymQQ3rrfqV78CPs62EGhw0R+A==}
    engines: {node: '>=18'}
    peerDependencies:
      '@polkadot/util': 14.0.1

  '@polkadot/util@14.0.1':
    resolution: {integrity: sha512-764HhxkPV3x5rM0/p6QdynC2dw26n+SaE+jisjx556ViCd4E28Ke4xSPef6C0Spy4aoXf2gt0PuLEcBvd6fVZg==}
    engines: {node: '>=18'}

  '@polkadot/wasm-bridge@7.5.4':
    resolution: {integrity: sha512-6xaJVvoZbnbgpQYXNw9OHVNWjXmtcoPcWh7hlwx3NpfiLkkjljj99YS+XGZQlq7ks2fVCg7FbfknkNb8PldDaA==}
    engines: {node: '>=18'}
    peerDependencies:
      '@polkadot/util': '*'
      '@polkadot/x-randomvalues': '*'

  '@polkadot/wasm-crypto-asmjs@7.5.4':
    resolution: {integrity: sha512-ZYwxQHAJ8pPt6kYk9XFmyuFuSS+yirJLonvP+DYbxOrARRUHfN4nzp4zcZNXUuaFhpbDobDSFn6gYzye6BUotA==}
    engines: {node: '>=18'}
    peerDependencies:
      '@polkadot/util': '*'

  '@polkadot/wasm-crypto-init@7.5.4':
    resolution: {integrity: sha512-U6s4Eo2rHs2n1iR01vTz/sOQ7eOnRPjaCsGWhPV+ZC/20hkVzwPAhiizu/IqMEol4tO2yiSheD4D6bn0KxUJhg==}
    engines: {node: '>=18'}
    peerDependencies:
      '@polkadot/util': '*'
      '@polkadot/x-randomvalues': '*'

  '@polkadot/wasm-crypto-wasm@7.5.4':
    resolution: {integrity: sha512-PsHgLsVTu43eprwSvUGnxybtOEuHPES6AbApcs7y5ZbM2PiDMzYbAjNul098xJK/CPtrxZ0ePDFnaQBmIJyTFw==}
    engines: {node: '>=18'}
    peerDependencies:
      '@polkadot/util': '*'

  '@polkadot/wasm-crypto@7.5.4':
    resolution: {integrity: sha512-1seyClxa7Jd7kQjfnCzTTTfYhTa/KUTDUaD3DMHBk5Q4ZUN1D1unJgX+v1aUeXSPxmzocdZETPJJRZjhVOqg9g==}
    engines: {node: '>=18'}
    peerDependencies:
      '@polkadot/util': '*'
      '@polkadot/x-randomvalues': '*'

  '@polkadot/wasm-util@7.5.4':
    resolution: {integrity: sha512-hqPpfhCpRAqCIn/CYbBluhh0TXmwkJnDRjxrU9Bnqtw9nMNa97D8JuOjdd2pi0rxm+eeLQ/f1rQMp71RMM9t4w==}
    engines: {node: '>=18'}
    peerDependencies:
      '@polkadot/util': '*'

  '@polkadot/x-bigint@14.0.1':
    resolution: {integrity: sha512-gfozjGnebr2rqURs31KtaWumbW4rRZpbiluhlmai6luCNrf5u8pB+oLA35kPEntrsLk9PnIG9OsC/n4hEtx4OQ==}
    engines: {node: '>=18'}

  '@polkadot/x-fetch@14.0.1':
    resolution: {integrity: sha512-yFsnO0xfkp3bIcvH70ZvmeUINYH1YnjOIS1B430f3w6axkqKhAOWCgzzKGMSRgn4dtm3YgwMBKPQ4nyfIsGOJQ==}
    engines: {node: '>=18'}

  '@polkadot/x-global@14.0.1':
    resolution: {integrity: sha512-aCI44DJU4fU0XXqrrSGIpi7JrZXK2kpe0jaQ2p6oDVXOOYEnZYXnMhTTmBE1lF/xtxzX50MnZrrU87jziU0qbA==}
    engines: {node: '>=18'}

  '@polkadot/x-randomvalues@14.0.1':
    resolution: {integrity: sha512-/XkQcvshzJLHITuPrN3zmQKuFIPdKWoaiHhhVLD6rQWV60lTXA3ajw3ocju8ZN7xRxnweMS9Ce0kMPYa0NhRMg==}
    engines: {node: '>=18'}
    peerDependencies:
      '@polkadot/util': 14.0.1
      '@polkadot/wasm-util': '*'

  '@polkadot/x-textdecoder@14.0.1':
    resolution: {integrity: sha512-CcWiPCuPVJsNk4Vq43lgFHqLRBQHb4r9RD7ZIYgmwoebES8TNm4g2ew9ToCzakFKSpzKu6I07Ne9wv/dt5zLuw==}
    engines: {node: '>=18'}

  '@polkadot/x-textencoder@14.0.1':
    resolution: {integrity: sha512-VY51SpQmF1ccmAGLfxhYnAe95Spfz049WZ/+kK4NfsGF9WejxVdU53Im5C80l45r8qHuYQsCWU3+t0FNunh2Kg==}
    engines: {node: '>=18'}

  '@polkadot/x-ws@14.0.1':
    resolution: {integrity: sha512-Q18hoSuOl7F4aENNGNt9XYxkrjwZlC6xye9OQrPDeHam1SrvflGv9mSZHyo+mwJs0z1PCz2STpPEN9PKfZvHng==}
    engines: {node: '>=18'}

  '@reduxjs/toolkit@2.8.2':
    resolution: {integrity: sha512-MYlOhQ0sLdw4ud48FoC5w0dH9VfWQjtCjreKwYTT3l+r427qYC5Y8PihNutepr8XrNaBUDQo9khWUwQxZaqt5A==}
    peerDependencies:
      react: ^16.9.0 || ^17.0.0 || ^18 || ^19
      react-redux: ^7.2.1 || ^8.1.3 || ^9.0.0
    peerDependenciesMeta:
      react:
        optional: true
      react-redux:
        optional: true

  '@scure/base@1.2.6':
    resolution: {integrity: sha512-g/nm5FgUa//MCj1gV09zTJTaM6KBAHqLN907YVQqf7zC49+DcO4B1so4ZX07Ef10Twr6nuqYEH9GEggFXA4Fmg==}

  '@scure/sr25519@0.2.0':
    resolution: {integrity: sha512-uUuLP7Z126XdSizKtrCGqYyR3b3hYtJ6Fg/XFUXmc2//k2aXHDLqZwFeXxL97gg4XydPROPVnuaHGF2+xriSKg==}

  '@standard-schema/spec@1.0.0':
    resolution: {integrity: sha512-m2bOd0f2RT9k8QJx1JN85cZYyH1RqFBdlwtkSlf4tBDYLCiiZnv1fIIwacK6cqwXavOydf0NPToMQgpKq+dVlA==}

  '@standard-schema/utils@0.3.0':
    resolution: {integrity: sha512-e7Mew686owMaPJVNNLs55PUvgz371nKgwsc4vxE49zsODpJEnxgxRo2y/OKrqueavXgZNMDVj3DdHFlaSAeU8g==}

  '@substrate/connect-extension-protocol@2.2.2':
    resolution: {integrity: sha512-t66jwrXA0s5Goq82ZtjagLNd7DPGCNjHeehRlE/gcJmJ+G56C0W+2plqOMRicJ8XGR1/YFnUSEqUFiSNbjGrAA==}

  '@substrate/connect-known-chains@1.10.3':
    resolution: {integrity: sha512-OJEZO1Pagtb6bNE3wCikc2wrmvEU5x7GxFFLqqbz1AJYYxSlrPCGu4N2og5YTExo4IcloNMQYFRkBGue0BKZ4w==}

  '@substrate/connect@0.8.11':
    resolution: {integrity: sha512-ofLs1PAO9AtDdPbdyTYj217Pe+lBfTLltdHDs3ds8no0BseoLeAGxpz1mHfi7zB4IxI3YyAiLjH6U8cw4pj4Nw==}
    deprecated: versions below 1.x are no longer maintained

  '@substrate/light-client-extension-helpers@1.0.0':
    resolution: {integrity: sha512-TdKlni1mBBZptOaeVrKnusMg/UBpWUORNDv5fdCaJklP4RJiFOzBCrzC+CyVI5kQzsXBisZ+2pXm+rIjS38kHg==}
    peerDependencies:
      smoldot: 2.x

  '@substrate/ss58-registry@1.51.0':
    resolution: {integrity: sha512-TWDurLiPxndFgKjVavCniytBIw+t4ViOi7TYp9h/D0NMmkEc9klFTo+827eyEJ0lELpqO207Ey7uGxUa+BS1jQ==}

  '@types/bn.js@5.2.0':
    resolution: {integrity: sha512-DLbJ1BPqxvQhIGbeu8VbUC1DiAiahHtAYvA0ZEAa4P31F7IaArc8z3C3BRQdWX4mtLQuABG4yzp76ZrS02Ui1Q==}

  '@types/d3-array@3.2.1':
    resolution: {integrity: sha512-Y2Jn2idRrLzUfAKV2LyRImR+y4oa2AntrgID95SHJxuMUrkNXmanDSed71sRNZysveJVt1hLLemQZIady0FpEg==}

  '@types/d3-color@3.1.3':
    resolution: {integrity: sha512-iO90scth9WAbmgv7ogoq57O9YpKmFBbmoEoCHDB2xMBY0+/KVrqAaCDyCE16dUspeOvIxFFRI+0sEtqDqy2b4A==}

  '@types/d3-ease@3.0.2':
    resolution: {integrity: sha512-NcV1JjO5oDzoK26oMzbILE6HW7uVXOHLQvHshBUW4UMdZGfiY6v5BeQwh9a9tCzv+CeefZQHJt5SRgK154RtiA==}

  '@types/d3-interpolate@3.0.4':
    resolution: {integrity: sha512-mgLPETlrpVV1YRJIglr4Ez47g7Yxjl1lj7YKsiMCb27VJH9W8NVM6Bb9d8kkpG/uAQS5AmbA48q2IAolKKo1MA==}

  '@types/d3-path@3.1.1':
    resolution: {integrity: sha512-VMZBYyQvbGmWyWVea0EHs/BwLgxc+MKi1zLDCONksozI4YJMcTt8ZEuIR4Sb1MMTE8MMW49v0IwI5+b7RmfWlg==}

  '@types/d3-scale@4.0.9':
    resolution: {integrity: sha512-dLmtwB8zkAeO/juAMfnV+sItKjlsw2lKdZVVy6LRr0cBmegxSABiLEpGVmSJJ8O08i4+sGR6qQtb6WtuwJdvVw==}

  '@types/d3-shape@3.1.7':
    resolution: {integrity: sha512-VLvUQ33C+3J+8p+Daf+nYSOsjB4GXp19/S/aGo60m9h1v6XaxjiT82lKVWJCfzhtuZ3yD7i/TPeC/fuKLLOSmg==}

  '@types/d3-time@3.0.4':
    resolution: {integrity: sha512-yuzZug1nkAAaBlBBikKZTgzCeA+k1uy4ZFwWANOfKw5z5LRhV0gNA7gNkKm7HoK+HRN0wX3EkxGk0fpbWhmB7g==}

  '@types/d3-timer@3.0.2':
    resolution: {integrity: sha512-Ps3T8E8dZDam6fUyNiMkekK3XUsaUEik+idO9/YjPtfj2qruF8tFBXS7XhtE4iIXBLxhmLjP3SXpLhVf21I9Lw==}

  '@types/node@25.0.3':
    resolution: {integrity: sha512-W609buLVRVmeW693xKfzHeIV6nJGGz98uCPfeXI1ELMLXVeKYZ9m15fAMSaUPBHYLGFsVRcMmSCksQOrZV9BYA==}

  '@types/use-sync-external-store@0.0.6':
    resolution: {integrity: sha512-zFDAD+tlpf2r4asuHEj0XH6pY6i0g5NeAHPn+15wk3BV6JA69eERFXC1gyGThDkVa1zCyKr5jox1+2LbV/AMLg==}

  bn.js@5.2.2:
    resolution: {integrity: sha512-v2YAxEmKaBLahNwE1mjp4WON6huMNeuDvagFZW+ASCuA/ku0bXR9hSMw0XpiqMoA3+rmnyck/tPRSFQkoC9Cuw==}

  clsx@2.1.1:
    resolution: {integrity: sha512-eYm0QWBtUrBWZWG0d386OGAw16Z995PiOVo2B7bjWSbHedGl5e0ZWaq65kOGgUSNesEIDkB9ISbTg/JK9dhCZA==}
    engines: {node: '>=6'}

  d3-array@3.2.4:
    resolution: {integrity: sha512-tdQAmyA18i4J7wprpYq8ClcxZy3SC31QMeByyCFyRt7BVHdREQZ5lpzoe5mFEYZUWe+oq8HBvk9JjpibyEV4Jg==}
    engines: {node: '>=12'}

  d3-color@3.1.0:
    resolution: {integrity: sha512-zg/chbXyeBtMQ1LbD/WSoW2DpC3I0mpmPdW+ynRTj/x2DAWYrIY7qeZIHidozwV24m4iavr15lNwIwLxRmOxhA==}
    engines: {node: '>=12'}

  d3-ease@3.0.1:
    resolution: {integrity: sha512-wR/XK3D3XcLIZwpbvQwQ5fK+8Ykds1ip7A2Txe0yxncXSdq1L9skcG7blcedkOX+ZcgxGAmLX1FrRGbADwzi0w==}
    engines: {node: '>=12'}

  d3-format@3.1.0:
    resolution: {integrity: sha512-YyUI6AEuY/Wpt8KWLgZHsIU86atmikuoOmCfommt0LYHiQSPjvX2AcFc38PX0CBpr2RCyZhjex+NS/LPOv6YqA==}
    engines: {node: '>=12'}

  d3-interpolate@3.0.1:
    resolution: {integrity: sha512-3bYs1rOD33uo8aqJfKP3JWPAibgw8Zm2+L9vBKEHJ2Rg+viTR7o5Mmv5mZcieN+FRYaAOWX5SJATX6k1PWz72g==}
    engines: {node: '>=12'}

  d3-path@3.1.0:
    resolution: {integrity: sha512-p3KP5HCf/bvjBSSKuXid6Zqijx7wIfNW+J/maPs+iwR35at5JCbLUT0LzF1cnjbCHWhqzQTIN2Jpe8pRebIEFQ==}
    engines: {node: '>=12'}

  d3-scale@4.0.2:
    resolution: {integrity: sha512-GZW464g1SH7ag3Y7hXjf8RoUuAFIqklOAq3MRl4OaWabTFJY9PN/E1YklhXLh+OQ3fM9yS2nOkCoS+WLZ6kvxQ==}
    engines: {node: '>=12'}

  d3-shape@3.2.0:
    resolution: {integrity: sha512-SaLBuwGm3MOViRq2ABk3eLoxwZELpH6zhl3FbAoJ7Vm1gofKx6El1Ib5z23NUEhF9AsGl7y+dzLe5Cw2AArGTA==}
    engines: {node: '>=12'}

  d3-time-format@4.1.0:
    resolution: {integrity: sha512-dJxPBlzC7NugB2PDLwo9Q8JiTR3M3e4/XANkreKSUxF8vvXKqm1Yfq4Q5dl8budlunRVlUUaDUgFt7eA8D6NLg==}
    engines: {node: '>=12'}

  d3-time@3.1.0:
    resolution: {integrity: sha512-VqKjzBLejbSMT4IgbmVgDjpkYrNWUYJnbCGo874u7MMKIWsILRX+OpX/gTk8MqjpT1A/c6HY2dCA77ZN0lkQ2Q==}
    engines: {node: '>=12'}

  d3-timer@3.0.1:
    resolution: {integrity: sha512-ndfJ/JxxMd3nw31uyKoY2naivF+r29V+Lc0svZxe1JvvIRmi8hUsrMvdOwgS1o6uBHmiz91geQ0ylPP0aj1VUA==}
    engines: {node: '>=12'}

  data-uri-to-buffer@4.0.1:
    resolution: {integrity: sha512-0R9ikRb668HB7QDxT1vkpuUBtqc53YyAwMwGeUFKRojY/NWKvdZ+9UYtRfGmhqNbRkTSVpMbmyhXipFFv2cb/A==}
    engines: {node: '>= 12'}

  debug@4.4.3:
    resolution: {integrity: sha512-RGwwWnwQvkVfavKVt22FGLw+xYSdzARwm0ru6DhTVA3umU5hZc28V3kO4stgYryrTlLpuvgI9GiijltAjNbcqA==}
    engines: {node: '>=6.0'}
    peerDependencies:
      supports-color: '*'
    peerDependenciesMeta:
      supports-color:
        optional: true

  decimal.js-light@2.5.1:
    resolution: {integrity: sha512-qIMFpTMZmny+MMIitAB6D7iVPEorVw6YQRWkvarTkT4tBeSLLiHzcwj6q0MmYSFCiVpiqPJTJEYIrpcPzVEIvg==}

  es-toolkit@1.39.10:
    resolution: {integrity: sha512-E0iGnTtbDhkeczB0T+mxmoVlT4YNweEKBLq7oaU4p11mecdsZpNWOglI4895Vh4usbQ+LsJiuLuI2L0Vdmfm2w==}

  eventemitter3@5.0.1:
    resolution: {integrity: sha512-GWkBvjiSZK87ELrYOSESUYeVIc9mvLLf/nXalMOS5dYrgZq9o5OVkbZAVM06CVxYsCwH9BDZFPlQTlPA1j4ahA==}

  fetch-blob@3.2.0:
    resolution: {integrity: sha512-7yAQpD2UMJzLi1Dqv7qFYnPbaPx7ZfFK6PiIxQ4PfkGPyNyl2Ugx+a/umUonmKqjhM4DnfbMvdX6otXq83soQQ==}
    engines: {node: ^12.20 || >= 14.13}

  formdata-polyfill@4.0.10:
    resolution: {integrity: sha512-buewHzMvYL29jdeQTVILecSaZKnt/RJWjoZCF5OW60Z67/GmSLBkOFM7qh1PI3zFNtJbaZL5eQu1vLfazOwj4g==}
    engines: {node: '>=12.20.0'}

  immer@10.1.1:
    resolution: {integrity: sha512-s2MPrmjovJcoMaHtx6K11Ra7oD05NT97w1IC5zpMkT6Atjr7H8LjaDd81iIxUYpMKSRRNMJE703M1Fhr/TctHw==}

  internmap@2.0.3:
    resolution: {integrity: sha512-5Hh7Y1wQbvY5ooGgPbDaL5iYLAPzMTUrjMulskHLH6wnv/A+1q5rgEaiuqEjB+oxGXIVZs1FF+R/KPN3ZSQYYg==}
    engines: {node: '>=12'}

  json-stringify-safe@5.0.1:
    resolution: {integrity: sha512-ZClg6AaYvamvYEE82d3Iyd3vSSIjQ+odgjaTzRuO3s7toCdFKczob2i0zCh7JE8kWn17yvAWhUVxvqGwUalsRA==}

  mock-socket@9.3.1:
    resolution: {integrity: sha512-qxBgB7Qa2sEQgHFjj0dSigq7fX4k6Saisd5Nelwp2q8mlbAFh5dHV9JTTlF8viYJLSSWgMCZFUom8PJcMNBoJw==}
    engines: {node: '>= 8'}

  ms@2.1.3:
    resolution: {integrity: sha512-6FlzubTLZG3J2a/NVCAleEhjzq5oxgHyaCU9yYXvcLsvoVaHJq/s5xXI6/XXP6tz7R9xAOtHnSO/tXtF3WRTlA==}

  nock@13.5.6:
    resolution: {integrity: sha512-o2zOYiCpzRqSzPj0Zt/dQ/DqZeYoaQ7TUonc/xUPjCGl9WeHpNbxgVvOquXYAaJzI0M9BXV3HTzG0p8IUAbBTQ==}
    engines: {node: '>= 10.13'}

  node-domexception@1.0.0:
    resolution: {integrity: sha512-/jKZoMpw0F8GRwl4/eLROPA3cfcXtLApP0QzLmUT/HuPCZWyB7IY9ZrMeKw2O/nFIqPQB3PVM9aYm0F312AXDQ==}
    engines: {node: '>=10.5.0'}
    deprecated: Use your platform's native DOMException instead

  node-fetch@3.3.2:
    resolution: {integrity: sha512-dRB78srN/l6gqWulah9SrxeYnxeddIG30+GOqK/9OlLVyLg3HPnr6SqOWTWOXKRwC2eGYCkZ59NNuSgvSrpgOA==}
    engines: {node: ^12.20.0 || ^14.13.1 || >=16.0.0}

  propagate@2.0.1:
    resolution: {integrity: sha512-vGrhOavPSTz4QVNuBNdcNXePNdNMaO1xj9yBeH1ScQPjk/rhg9sSlCXPhMkFuaNNW/syTvYqsnbIJxMBfRbbag==}
    engines: {node: '>= 8'}

  react-dom@19.1.1:
    resolution: {integrity: sha512-Dlq/5LAZgF0Gaz6yiqZCf6VCcZs1ghAJyrsu84Q/GT0gV+mCxbfmKNoGRKBYMJ8IEdGPqu49YWXD02GCknEDkw==}
    peerDependencies:
      react: ^19.1.1

  react-is@19.1.1:
    resolution: {integrity: sha512-tr41fA15Vn8p4X9ntI+yCyeGSf1TlYaY5vlTZfQmeLBrFo3psOPX6HhTDnFNL9uj3EhP0KAQ80cugCl4b4BERA==}

  react-redux@9.2.0:
    resolution: {integrity: sha512-ROY9fvHhwOD9ySfrF0wmvu//bKCQ6AeZZq1nJNtbDC+kk5DuSuNX/n6YWYF/SYy7bSba4D4FSz8DJeKY/S/r+g==}
    peerDependencies:
      '@types/react': ^18.2.25 || ^19
      react: ^18.0 || ^19
      redux: ^5.0.0
    peerDependenciesMeta:
      '@types/react':
        optional: true
      redux:
        optional: true

  react@19.1.1:
    resolution: {integrity: sha512-w8nqGImo45dmMIfljjMwOGtbmC/mk4CMYhWIicdSflH91J9TyCyczcPFXJzrZ/ZXcgGRFeP6BU0BEJTw6tZdfQ==}
    engines: {node: '>=0.10.0'}

  recharts@3.1.2:
    resolution: {integrity: sha512-vhNbYwaxNbk/IATK0Ki29k3qvTkGqwvCgyQAQ9MavvvBwjvKnMTswdbklJpcOAoMPN/qxF3Lyqob0zO+ZXkZ4g==}
    engines: {node: '>=18'}
    peerDependencies:
      react: ^16.8.0 || ^17.0.0 || ^18.0.0 || ^19.0.0
      react-dom: ^16.0.0 || ^17.0.0 || ^18.0.0 || ^19.0.0
      react-is: ^16.8.0 || ^17.0.0 || ^18.0.0 || ^19.0.0

  redux-thunk@3.1.0:
    resolution: {integrity: sha512-NW2r5T6ksUKXCabzhL9z+h206HQw/NJkcLm1GPImRQ8IzfXwRGqjVhKJGauHirT0DAuyy6hjdnMZaRoAcy0Klw==}
    peerDependencies:
      redux: ^5.0.0

  redux@5.0.1:
    resolution: {integrity: sha512-M9/ELqF6fy8FwmkpnF0S3YKOqMyoWJ4+CS5Efg2ct3oY9daQvd/Pc71FpGZsVsbl3Cpb+IIcjBDUnnyBdQbq4w==}

  reselect@5.1.1:
    resolution: {integrity: sha512-K/BG6eIky/SBpzfHZv/dd+9JBFiS4SWV7FIujVyJRux6e45+73RaUHXLmIR1f7WOMaQ0U1km6qwklRQxpJJY0w==}

  rxjs@7.8.2:
    resolution: {integrity: sha512-dhKf903U/PQZY6boNNtAGdWbG85WAbjT/1xYoZIC7FAY0yWapOBQVsVrDl58W86//e1VpMNBtRV4MaXfdMySFA==}

  scale-ts@1.6.1:
    resolution: {integrity: sha512-PBMc2AWc6wSEqJYBDPcyCLUj9/tMKnLX70jLOSndMtcUoLQucP/DM0vnQo1wJAYjTrQiq8iG9rD0q6wFzgjH7g==}

  scheduler@0.26.0:
    resolution: {integrity: sha512-NlHwttCI/l5gCPR3D1nNXtWABUmBwvZpEQiD4IXSbIDq8BzLIK/7Ir5gTFSGZDUu37K5cMNp0hFtzO38sC7gWA==}

  smoldot@2.0.26:
    resolution: {integrity: sha512-F+qYmH4z2s2FK+CxGj8moYcd1ekSIKH8ywkdqlOz88Dat35iB1DIYL11aILN46YSGMzQW/lbJNS307zBSDN5Ig==}

  tiny-invariant@1.3.3:
    resolution: {integrity: sha512-+FbBPE1o9QAYvviau/qC5SE3caw21q3xkvWKBtja5vgqOWIHHJ3ioaq1VPfn/Szqctz2bU/oYeKd9/z5BL+PVg==}

  tslib@2.8.1:
    resolution: {integrity: sha512-oJFu94HQb+KVduSUQL7wnpmqnfmLsOA/nAh6b6EH0wCEoK0/mPeXU6c3wKDV83MkOuHPRHtSXKKU99IBazS/2w==}

  typescript@5.9.3:
    resolution: {integrity: sha512-jl1vZzPDinLr9eUt3J/t7V6FgNEw9QjvBPdysz9KfQDD41fQrC2Y4vKQdiaUpFT4bXlb1RHhLpp8wtm6M5TgSw==}
    engines: {node: '>=14.17'}
    hasBin: true

  undici-types@7.16.0:
    resolution: {integrity: sha512-Zz+aZWSj8LE6zoxD+xrjh4VfkIG8Ya6LvYkZqtUQGJPZjYl53ypCaUwWqo7eI0x66KBGeRo+mlBEkMSeSZ38Nw==}

  use-sync-external-store@1.5.0:
    resolution: {integrity: sha512-Rb46I4cGGVBmjamjphe8L/UnvJD+uPPtTkNvX5mZgqdbavhI4EbgIWJiIHXJ8bc/i9EQGPRh4DwEURJ552Do0A==}
    peerDependencies:
      react: ^16.8.0 || ^17.0.0 || ^18.0.0 || ^19.0.0

  victory-vendor@37.3.6:
    resolution: {integrity: sha512-SbPDPdDBYp+5MJHhBCAyI7wKM3d5ivekigc2Dk2s7pgbZ9wIgIBYGVw4zGHBml/qTFbexrofXW6Gu4noGxrOwQ==}

  web-streams-polyfill@3.3.3:
    resolution: {integrity: sha512-d2JWLCivmZYTSIoge9MsgFCZrt571BikcWGYkjC1khllbTeDlGqZ2D8vD8E/lJa8WGWbb7Plm8/XJYV7IJHZZw==}
    engines: {node: '>= 8'}

  ws@8.18.3:
    resolution: {integrity: sha512-PEIGCY5tSlUt50cqyMXfCzX+oOPqN0vuGqWzbcJ2xvnkzkq46oOpz7dQaTDBdfICb4N14+GARUDw2XV2N4tvzg==}
    engines: {node: '>=10.0.0'}
    peerDependencies:
      bufferutil: ^4.0.1
      utf-8-validate: '>=5.0.2'
    peerDependenciesMeta:
      bufferutil:
        optional: true
      utf-8-validate:
        optional: true

snapshots:

  '@noble/curves@1.9.7':
    dependencies:
      '@noble/hashes': 1.8.0

  '@noble/hashes@1.8.0': {}

  '@polkadot-api/json-rpc-provider-proxy@0.1.0':
    optional: true

  '@polkadot-api/json-rpc-provider@0.0.1':
    optional: true

  '@polkadot-api/metadata-builders@0.3.2':
    dependencies:
      '@polkadot-api/substrate-bindings': 0.6.0
      '@polkadot-api/utils': 0.1.0
    optional: true

  '@polkadot-api/observable-client@0.3.2(@polkadot-api/substrate-client@0.1.4)(rxjs@7.8.2)':
    dependencies:
      '@polkadot-api/metadata-builders': 0.3.2
      '@polkadot-api/substrate-bindings': 0.6.0
      '@polkadot-api/substrate-client': 0.1.4
      '@polkadot-api/utils': 0.1.0
      rxjs: 7.8.2
    optional: true

  '@polkadot-api/substrate-bindings@0.6.0':
    dependencies:
      '@noble/hashes': 1.8.0
      '@polkadot-api/utils': 0.1.0
      '@scure/base': 1.2.6
      scale-ts: 1.6.1
    optional: true

  '@polkadot-api/substrate-client@0.1.4':
    dependencies:
      '@polkadot-api/json-rpc-provider': 0.0.1
      '@polkadot-api/utils': 0.1.0
    optional: true

  '@polkadot-api/utils@0.1.0':
    optional: true

  '@polkadot/api-augment@16.5.4':
    dependencies:
      '@polkadot/api-base': 16.5.4
      '@polkadot/rpc-augment': 16.5.4
      '@polkadot/types': 16.5.4
      '@polkadot/types-augment': 16.5.4
      '@polkadot/types-codec': 16.5.4
      '@polkadot/util': 14.0.1
      tslib: 2.8.1
    transitivePeerDependencies:
      - bufferutil
      - supports-color
      - utf-8-validate

  '@polkadot/api-base@16.5.4':
    dependencies:
      '@polkadot/rpc-core': 16.5.4
      '@polkadot/types': 16.5.4
      '@polkadot/util': 14.0.1
      rxjs: 7.8.2
      tslib: 2.8.1
    transitivePeerDependencies:
      - bufferutil
      - supports-color
      - utf-8-validate

  '@polkadot/api-contract@16.5.4':
    dependencies:
      '@polkadot/api': 16.5.4
      '@polkadot/api-augment': 16.5.4
      '@polkadot/types': 16.5.4
      '@polkadot/types-codec': 16.5.4
      '@polkadot/types-create': 16.5.4
      '@polkadot/util': 14.0.1
      '@polkadot/util-crypto': 14.0.1(@polkadot/util@14.0.1)
      rxjs: 7.8.2
      tslib: 2.8.1
    transitivePeerDependencies:
      - bufferutil
      - supports-color
      - utf-8-validate

  '@polkadot/api-derive@16.5.4':
    dependencies:
      '@polkadot/api': 16.5.4
      '@polkadot/api-augment': 16.5.4
      '@polkadot/api-base': 16.5.4
      '@polkadot/rpc-core': 16.5.4
      '@polkadot/types': 16.5.4
      '@polkadot/types-codec': 16.5.4
      '@polkadot/util': 14.0.1
      '@polkadot/util-crypto': 14.0.1(@polkadot/util@14.0.1)
      rxjs: 7.8.2
      tslib: 2.8.1
    transitivePeerDependencies:
      - bufferutil
      - supports-color
      - utf-8-validate

  '@polkadot/api@16.5.4':
    dependencies:
      '@polkadot/api-augment': 16.5.4
      '@polkadot/api-base': 16.5.4
      '@polkadot/api-derive': 16.5.4
      '@polkadot/keyring': 14.0.1(@polkadot/util-crypto@14.0.1(@polkadot/util@14.0.1))(@polkadot/util@14.0.1)
      '@polkadot/rpc-augment': 16.5.4
      '@polkadot/rpc-core': 16.5.4
      '@polkadot/rpc-provider': 16.5.4
      '@polkadot/types': 16.5.4
      '@polkadot/types-augment': 16.5.4
      '@polkadot/types-codec': 16.5.4
      '@polkadot/types-create': 16.5.4
      '@polkadot/types-known': 16.5.4
      '@polkadot/util': 14.0.1
      '@polkadot/util-crypto': 14.0.1(@polkadot/util@14.0.1)
      eventemitter3: 5.0.1
      rxjs: 7.8.2
      tslib: 2.8.1
    transitivePeerDependencies:
      - bufferutil
      - supports-color
      - utf-8-validate

  '@polkadot/keyring@14.0.1(@polkadot/util-crypto@14.0.1(@polkadot/util@14.0.1))(@polkadot/util@14.0.1)':
    dependencies:
      '@polkadot/util': 14.0.1
      '@polkadot/util-crypto': 14.0.1(@polkadot/util@14.0.1)
      tslib: 2.8.1

  '@polkadot/networks@14.0.1':
    dependencies:
      '@polkadot/util': 14.0.1
      '@substrate/ss58-registry': 1.51.0
      tslib: 2.8.1

  '@polkadot/rpc-augment@16.5.4':
    dependencies:
      '@polkadot/rpc-core': 16.5.4
      '@polkadot/types': 16.5.4
      '@polkadot/types-codec': 16.5.4
      '@polkadot/util': 14.0.1
      tslib: 2.8.1
    transitivePeerDependencies:
      - bufferutil
      - supports-color
      - utf-8-validate

  '@polkadot/rpc-core@16.5.4':
    dependencies:
      '@polkadot/rpc-augment': 16.5.4
      '@polkadot/rpc-provider': 16.5.4
      '@polkadot/types': 16.5.4
      '@polkadot/util': 14.0.1
      rxjs: 7.8.2
      tslib: 2.8.1
    transitivePeerDependencies:
      - bufferutil
      - supports-color
      - utf-8-validate

  '@polkadot/rpc-provider@16.5.4':
    dependencies:
      '@polkadot/keyring': 14.0.1(@polkadot/util-crypto@14.0.1(@polkadot/util@14.0.1))(@polkadot/util@14.0.1)
      '@polkadot/types': 16.5.4
      '@polkadot/types-support': 16.5.4
      '@polkadot/util': 14.0.1
      '@polkadot/util-crypto': 14.0.1(@polkadot/util@14.0.1)
      '@polkadot/x-fetch': 14.0.1
      '@polkadot/x-global': 14.0.1
      '@polkadot/x-ws': 14.0.1
      eventemitter3: 5.0.1
      mock-socket: 9.3.1
      nock: 13.5.6
      tslib: 2.8.1
    optionalDependencies:
      '@substrate/connect': 0.8.11
    transitivePeerDependencies:
      - bufferutil
      - supports-color
      - utf-8-validate

  '@polkadot/types-augment@16.5.4':
    dependencies:
      '@polkadot/types': 16.5.4
      '@polkadot/types-codec': 16.5.4
      '@polkadot/util': 14.0.1
      tslib: 2.8.1

  '@polkadot/types-codec@16.5.4':
    dependencies:
      '@polkadot/util': 14.0.1
      '@polkadot/x-bigint': 14.0.1
      tslib: 2.8.1

  '@polkadot/types-create@16.5.4':
    dependencies:
      '@polkadot/types-codec': 16.5.4
      '@polkadot/util': 14.0.1
      tslib: 2.8.1

  '@polkadot/types-known@16.5.4':
    dependencies:
      '@polkadot/networks': 14.0.1
      '@polkadot/types': 16.5.4
      '@polkadot/types-codec': 16.5.4
      '@polkadot/types-create': 16.5.4
      '@polkadot/util': 14.0.1
      tslib: 2.8.1

  '@polkadot/types-support@16.5.4':
    dependencies:
      '@polkadot/util': 14.0.1
      tslib: 2.8.1

  '@polkadot/types@16.5.4':
    dependencies:
      '@polkadot/keyring': 14.0.1(@polkadot/util-crypto@14.0.1(@polkadot/util@14.0.1))(@polkadot/util@14.0.1)
      '@polkadot/types-augment': 16.5.4
      '@polkadot/types-codec': 16.5.4
      '@polkadot/types-create': 16.5.4
      '@polkadot/util': 14.0.1
      '@polkadot/util-crypto': 14.0.1(@polkadot/util@14.0.1)
      rxjs: 7.8.2
      tslib: 2.8.1

  '@polkadot/util-crypto@14.0.1(@polkadot/util@14.0.1)':
    dependencies:
      '@noble/curves': 1.9.7
      '@noble/hashes': 1.8.0
      '@polkadot/networks': 14.0.1
      '@polkadot/util': 14.0.1
      '@polkadot/wasm-crypto': 7.5.4(@polkadot/util@14.0.1)(@polkadot/x-randomvalues@14.0.1(@polkadot/util@14.0.1)(@polkadot/wasm-util@7.5.4(@polkadot/util@14.0.1)))
      '@polkadot/wasm-util': 7.5.4(@polkadot/util@14.0.1)
      '@polkadot/x-bigint': 14.0.1
      '@polkadot/x-randomvalues': 14.0.1(@polkadot/util@14.0.1)(@polkadot/wasm-util@7.5.4(@polkadot/util@14.0.1))
      '@scure/base': 1.2.6
      '@scure/sr25519': 0.2.0
      tslib: 2.8.1

  '@polkadot/util@14.0.1':
    dependencies:
      '@polkadot/x-bigint': 14.0.1
      '@polkadot/x-global': 14.0.1
      '@polkadot/x-textdecoder': 14.0.1
      '@polkadot/x-textencoder': 14.0.1
      '@types/bn.js': 5.2.0
      bn.js: 5.2.2
      tslib: 2.8.1

  '@polkadot/wasm-bridge@7.5.4(@polkadot/util@14.0.1)(@polkadot/x-randomvalues@14.0.1(@polkadot/util@14.0.1)(@polkadot/wasm-util@7.5.4(@polkadot/util@14.0.1)))':
    dependencies:
      '@polkadot/util': 14.0.1
      '@polkadot/wasm-util': 7.5.4(@polkadot/util@14.0.1)
      '@polkadot/x-randomvalues': 14.0.1(@polkadot/util@14.0.1)(@polkadot/wasm-util@7.5.4(@polkadot/util@14.0.1))
      tslib: 2.8.1

  '@polkadot/wasm-crypto-asmjs@7.5.4(@polkadot/util@14.0.1)':
    dependencies:
      '@polkadot/util': 14.0.1
      tslib: 2.8.1

  '@polkadot/wasm-crypto-init@7.5.4(@polkadot/util@14.0.1)(@polkadot/x-randomvalues@14.0.1(@polkadot/util@14.0.1)(@polkadot/wasm-util@7.5.4(@polkadot/util@14.0.1)))':
    dependencies:
      '@polkadot/util': 14.0.1
      '@polkadot/wasm-bridge': 7.5.4(@polkadot/util@14.0.1)(@polkadot/x-randomvalues@14.0.1(@polkadot/util@14.0.1)(@polkadot/wasm-util@7.5.4(@polkadot/util@14.0.1)))
      '@polkadot/wasm-crypto-asmjs': 7.5.4(@polkadot/util@14.0.1)
      '@polkadot/wasm-crypto-wasm': 7.5.4(@polkadot/util@14.0.1)
      '@polkadot/wasm-util': 7.5.4(@polkadot/util@14.0.1)
      '@polkadot/x-randomvalues': 14.0.1(@polkadot/util@14.0.1)(@polkadot/wasm-util@7.5.4(@polkadot/util@14.0.1))
      tslib: 2.8.1

  '@polkadot/wasm-crypto-wasm@7.5.4(@polkadot/util@14.0.1)':
    dependencies:
      '@polkadot/util': 14.0.1
      '@polkadot/wasm-util': 7.5.4(@polkadot/util@14.0.1)
      tslib: 2.8.1

  '@polkadot/wasm-crypto@7.5.4(@polkadot/util@14.0.1)(@polkadot/x-randomvalues@14.0.1(@polkadot/util@14.0.1)(@polkadot/wasm-util@7.5.4(@polkadot/util@14.0.1)))':
    dependencies:
      '@polkadot/util': 14.0.1
      '@polkadot/wasm-bridge': 7.5.4(@polkadot/util@14.0.1)(@polkadot/x-randomvalues@14.0.1(@polkadot/util@14.0.1)(@polkadot/wasm-util@7.5.4(@polkadot/util@14.0.1)))
      '@polkadot/wasm-crypto-asmjs': 7.5.4(@polkadot/util@14.0.1)
      '@polkadot/wasm-crypto-init': 7.5.4(@polkadot/util@14.0.1)(@polkadot/x-randomvalues@14.0.1(@polkadot/util@14.0.1)(@polkadot/wasm-util@7.5.4(@polkadot/util@14.0.1)))
      '@polkadot/wasm-crypto-wasm': 7.5.4(@polkadot/util@14.0.1)
      '@polkadot/wasm-util': 7.5.4(@polkadot/util@14.0.1)
      '@polkadot/x-randomvalues': 14.0.1(@polkadot/util@14.0.1)(@polkadot/wasm-util@7.5.4(@polkadot/util@14.0.1))
      tslib: 2.8.1

  '@polkadot/wasm-util@7.5.4(@polkadot/util@14.0.1)':
    dependencies:
      '@polkadot/util': 14.0.1
      tslib: 2.8.1

  '@polkadot/x-bigint@14.0.1':
    dependencies:
      '@polkadot/x-global': 14.0.1
      tslib: 2.8.1

  '@polkadot/x-fetch@14.0.1':
    dependencies:
      '@polkadot/x-global': 14.0.1
      node-fetch: 3.3.2
      tslib: 2.8.1

  '@polkadot/x-global@14.0.1':
    dependencies:
      tslib: 2.8.1

  '@polkadot/x-randomvalues@14.0.1(@polkadot/util@14.0.1)(@polkadot/wasm-util@7.5.4(@polkadot/util@14.0.1))':
    dependencies:
      '@polkadot/util': 14.0.1
      '@polkadot/wasm-util': 7.5.4(@polkadot/util@14.0.1)
      '@polkadot/x-global': 14.0.1
      tslib: 2.8.1

  '@polkadot/x-textdecoder@14.0.1':
    dependencies:
      '@polkadot/x-global': 14.0.1
      tslib: 2.8.1

  '@polkadot/x-textencoder@14.0.1':
    dependencies:
      '@polkadot/x-global': 14.0.1
      tslib: 2.8.1

  '@polkadot/x-ws@14.0.1':
    dependencies:
      '@polkadot/x-global': 14.0.1
      tslib: 2.8.1
      ws: 8.18.3
    transitivePeerDependencies:
      - bufferutil
      - utf-8-validate

  '@reduxjs/toolkit@2.8.2(react-redux@9.2.0(react@19.1.1)(redux@5.0.1))(react@19.1.1)':
    dependencies:
      '@standard-schema/spec': 1.0.0
      '@standard-schema/utils': 0.3.0
      immer: 10.1.1
      redux: 5.0.1
      redux-thunk: 3.1.0(redux@5.0.1)
      reselect: 5.1.1
    optionalDependencies:
      react: 19.1.1
      react-redux: 9.2.0(react@19.1.1)(redux@5.0.1)

  '@scure/base@1.2.6': {}

  '@scure/sr25519@0.2.0':
    dependencies:
      '@noble/curves': 1.9.7
      '@noble/hashes': 1.8.0

  '@standard-schema/spec@1.0.0': {}

  '@standard-schema/utils@0.3.0': {}

  '@substrate/connect-extension-protocol@2.2.2':
    optional: true

  '@substrate/connect-known-chains@1.10.3':
    optional: true

  '@substrate/connect@0.8.11':
    dependencies:
      '@substrate/connect-extension-protocol': 2.2.2
      '@substrate/connect-known-chains': 1.10.3
      '@substrate/light-client-extension-helpers': 1.0.0(smoldot@2.0.26)
      smoldot: 2.0.26
    transitivePeerDependencies:
      - bufferutil
      - utf-8-validate
    optional: true

  '@substrate/light-client-extension-helpers@1.0.0(smoldot@2.0.26)':
    dependencies:
      '@polkadot-api/json-rpc-provider': 0.0.1
      '@polkadot-api/json-rpc-provider-proxy': 0.1.0
      '@polkadot-api/observable-client': 0.3.2(@polkadot-api/substrate-client@0.1.4)(rxjs@7.8.2)
      '@polkadot-api/substrate-client': 0.1.4
      '@substrate/connect-extension-protocol': 2.2.2
      '@substrate/connect-known-chains': 1.10.3
      rxjs: 7.8.2
      smoldot: 2.0.26
    optional: true

  '@substrate/ss58-registry@1.51.0': {}

  '@types/bn.js@5.2.0':
    dependencies:
      '@types/node': 25.0.3

  '@types/d3-array@3.2.1': {}

  '@types/d3-color@3.1.3': {}

  '@types/d3-ease@3.0.2': {}

  '@types/d3-interpolate@3.0.4':
    dependencies:
      '@types/d3-color': 3.1.3

  '@types/d3-path@3.1.1': {}

  '@types/d3-scale@4.0.9':
    dependencies:
      '@types/d3-time': 3.0.4

  '@types/d3-shape@3.1.7':
    dependencies:
      '@types/d3-path': 3.1.1

  '@types/d3-time@3.0.4': {}

  '@types/d3-timer@3.0.2': {}

  '@types/node@25.0.3':
    dependencies:
      undici-types: 7.16.0

  '@types/use-sync-external-store@0.0.6': {}

  bn.js@5.2.2: {}

  clsx@2.1.1: {}

  d3-array@3.2.4:
    dependencies:
      internmap: 2.0.3

  d3-color@3.1.0: {}

  d3-ease@3.0.1: {}

  d3-format@3.1.0: {}

  d3-interpolate@3.0.1:
    dependencies:
      d3-color: 3.1.0

  d3-path@3.1.0: {}

  d3-scale@4.0.2:
    dependencies:
      d3-array: 3.2.4
      d3-format: 3.1.0
      d3-interpolate: 3.0.1
      d3-time: 3.1.0
      d3-time-format: 4.1.0

  d3-shape@3.2.0:
    dependencies:
      d3-path: 3.1.0

  d3-time-format@4.1.0:
    dependencies:
      d3-time: 3.1.0

  d3-time@3.1.0:
    dependencies:
      d3-array: 3.2.4

  d3-timer@3.0.1: {}

  data-uri-to-buffer@4.0.1: {}

  debug@4.4.3:
    dependencies:
      ms: 2.1.3

  decimal.js-light@2.5.1: {}

  es-toolkit@1.39.10: {}

  eventemitter3@5.0.1: {}

  fetch-blob@3.2.0:
    dependencies:
      node-domexception: 1.0.0
      web-streams-polyfill: 3.3.3

  formdata-polyfill@4.0.10:
    dependencies:
      fetch-blob: 3.2.0

  immer@10.1.1: {}

  internmap@2.0.3: {}

  json-stringify-safe@5.0.1: {}

  mock-socket@9.3.1: {}

  ms@2.1.3: {}

  nock@13.5.6:
    dependencies:
      debug: 4.4.3
      json-stringify-safe: 5.0.1
      propagate: 2.0.1
    transitivePeerDependencies:
      - supports-color

  node-domexception@1.0.0: {}

  node-fetch@3.3.2:
    dependencies:
      data-uri-to-buffer: 4.0.1
      fetch-blob: 3.2.0
      formdata-polyfill: 4.0.10

  propagate@2.0.1: {}

  react-dom@19.1.1(react@19.1.1):
    dependencies:
      react: 19.1.1
      scheduler: 0.26.0

  react-is@19.1.1: {}

  react-redux@9.2.0(react@19.1.1)(redux@5.0.1):
    dependencies:
      '@types/use-sync-external-store': 0.0.6
      react: 19.1.1
      use-sync-external-store: 1.5.0(react@19.1.1)
    optionalDependencies:
      redux: 5.0.1

  react@19.1.1: {}

  recharts@3.1.2(react-dom@19.1.1(react@19.1.1))(react-is@19.1.1)(react@19.1.1)(redux@5.0.1):
    dependencies:
      '@reduxjs/toolkit': 2.8.2(react-redux@9.2.0(react@19.1.1)(redux@5.0.1))(react@19.1.1)
      clsx: 2.1.1
      decimal.js-light: 2.5.1
      es-toolkit: 1.39.10
      eventemitter3: 5.0.1
      immer: 10.1.1
      react: 19.1.1
      react-dom: 19.1.1(react@19.1.1)
      react-is: 19.1.1
      react-redux: 9.2.0(react@19.1.1)(redux@5.0.1)
      reselect: 5.1.1
      tiny-invariant: 1.3.3
      use-sync-external-store: 1.5.0(react@19.1.1)
      victory-vendor: 37.3.6
    transitivePeerDependencies:
      - '@types/react'
      - redux

  redux-thunk@3.1.0(redux@5.0.1):
    dependencies:
      redux: 5.0.1

  redux@5.0.1: {}

  reselect@5.1.1: {}

  rxjs@7.8.2:
    dependencies:
      tslib: 2.8.1

  scale-ts@1.6.1:
    optional: true

  scheduler@0.26.0: {}

  smoldot@2.0.26:
    dependencies:
      ws: 8.18.3
    transitivePeerDependencies:
      - bufferutil
      - utf-8-validate
    optional: true

  tiny-invariant@1.3.3: {}

  tslib@2.8.1: {}

  typescript@5.9.3: {}

  undici-types@7.16.0: {}

  use-sync-external-store@1.5.0(react@19.1.1):
    dependencies:
      react: 19.1.1

  victory-vendor@37.3.6:
    dependencies:
      '@types/d3-array': 3.2.1
      '@types/d3-ease': 3.0.2
      '@types/d3-interpolate': 3.0.4
      '@types/d3-scale': 4.0.9
      '@types/d3-shape': 3.1.7
      '@types/d3-time': 3.0.4
      '@types/d3-timer': 3.0.2
      d3-array: 3.2.4
      d3-ease: 3.0.1
      d3-interpolate: 3.0.1
      d3-scale: 4.0.2
      d3-shape: 3.2.0
      d3-time: 3.1.0
      d3-timer: 3.0.1

  web-streams-polyfill@3.3.3: {}

  ws@8.18.3: {}
